// !$*UTF8*$!
{
	archiveVersion = 1;
	classes = {
	};
	objectVersion = 52;
	objects = {

/* Begin PBXBuildFile section */
		902AB6F725D731E000FF642B /* DetailViewModel.swift in Sources */ = {isa = PBXBuildFile; fileRef = 902AB6F625D731E000FF642B /* DetailViewModel.swift */; };
		90380CF625D6E9C6009A373F /* DetailView.swift in Sources */ = {isa = PBXBuildFile; fileRef = 90380CF525D6E9C6009A373F /* DetailView.swift */; };
		90380CFD25D6EAFB009A373F /* DetailCollectionViewCell.swift in Sources */ = {isa = PBXBuildFile; fileRef = 90380CFC25D6EAFB009A373F /* DetailCollectionViewCell.swift */; };
		90468CA925D5C8FF001F084F /* Double+Currency.swift in Sources */ = {isa = PBXBuildFile; fileRef = 90468CA825D5C8FF001F084F /* Double+Currency.swift */; };
		904A886E25D477B400E741E6 /* AppDelegate.swift in Sources */ = {isa = PBXBuildFile; fileRef = 904A886D25D477B400E741E6 /* AppDelegate.swift */; };
		904A887025D477B400E741E6 /* SceneDelegate.swift in Sources */ = {isa = PBXBuildFile; fileRef = 904A886F25D477B400E741E6 /* SceneDelegate.swift */; };
		904A887725D477B600E741E6 /* Assets.xcassets in Resources */ = {isa = PBXBuildFile; fileRef = 904A887625D477B600E741E6 /* Assets.xcassets */; };
		904A887A25D477B600E741E6 /* LaunchScreen.storyboard in Resources */ = {isa = PBXBuildFile; fileRef = 904A887825D477B600E741E6 /* LaunchScreen.storyboard */; };
		904A889025D477B600E741E6 /* MLSearchUITests.swift in Sources */ = {isa = PBXBuildFile; fileRef = 904A888F25D477B600E741E6 /* MLSearchUITests.swift */; };
		904A88F225D4B15E00E741E6 /* SearchService.swift in Sources */ = {isa = PBXBuildFile; fileRef = 904A88F125D4B15E00E741E6 /* SearchService.swift */; };
		904A890E25D4B30500E741E6 /* ProductDetailService.swift in Sources */ = {isa = PBXBuildFile; fileRef = 904A890D25D4B30500E741E6 /* ProductDetailService.swift */; };
		904A891525D4B3AF00E741E6 /* DetailRepository.swift in Sources */ = {isa = PBXBuildFile; fileRef = 904A891425D4B3AF00E741E6 /* DetailRepository.swift */; };
		904A892225D4B43600E741E6 /* ProductDetailResponse.swift in Sources */ = {isa = PBXBuildFile; fileRef = 904A892125D4B43600E741E6 /* ProductDetailResponse.swift */; };
		904A892825D4B44500E741E6 /* ProductDetail.swift in Sources */ = {isa = PBXBuildFile; fileRef = 904A892725D4B44500E741E6 /* ProductDetail.swift */; };
		904A892E25D4B4F600E741E6 /* DetailRemoteRepository.swift in Sources */ = {isa = PBXBuildFile; fileRef = 904A892D25D4B4F600E741E6 /* DetailRemoteRepository.swift */; };
		904A895325D4BD9600E741E6 /* RequestNetwork.framework in Frameworks */ = {isa = PBXBuildFile; fileRef = 904A894A25D4BD9600E741E6 /* RequestNetwork.framework */; };
		904A895A25D4BD9600E741E6 /* RequestNetworkTests.swift in Sources */ = {isa = PBXBuildFile; fileRef = 904A895925D4BD9600E741E6 /* RequestNetworkTests.swift */; };
		904A895C25D4BD9600E741E6 /* RequestNetwork.h in Headers */ = {isa = PBXBuildFile; fileRef = 904A894C25D4BD9600E741E6 /* RequestNetwork.h */; settings = {ATTRIBUTES = (Public, ); }; };
		904A895F25D4BD9600E741E6 /* RequestNetwork.framework in Frameworks */ = {isa = PBXBuildFile; fileRef = 904A894A25D4BD9600E741E6 /* RequestNetwork.framework */; };
		904A896025D4BD9600E741E6 /* RequestNetwork.framework in Embed Frameworks */ = {isa = PBXBuildFile; fileRef = 904A894A25D4BD9600E741E6 /* RequestNetwork.framework */; settings = {ATTRIBUTES = (CodeSignOnCopy, RemoveHeadersOnCopy, ); }; };
		904A897925D4BE1600E741E6 /* Service.swift in Sources */ = {isa = PBXBuildFile; fileRef = 904A88C825D4786300E741E6 /* Service.swift */; };
		904A897E25D4BE1A00E741E6 /* JSONParameterEncoder.swift in Sources */ = {isa = PBXBuildFile; fileRef = 904A893925D4B8E800E741E6 /* JSONParameterEncoder.swift */; };
		904A897F25D4BE1A00E741E6 /* NetworkManager.swift in Sources */ = {isa = PBXBuildFile; fileRef = 904A893F25D4B9FC00E741E6 /* NetworkManager.swift */; };
		904A898025D4BE1A00E741E6 /* ReachabilityManager.swift in Sources */ = {isa = PBXBuildFile; fileRef = 904A88E825D4B0B800E741E6 /* ReachabilityManager.swift */; };
		904A898125D4BE1A00E741E6 /* NetworkConstants.swift in Sources */ = {isa = PBXBuildFile; fileRef = 904A88CE25D4AF1300E741E6 /* NetworkConstants.swift */; };
		904A898225D4BE1A00E741E6 /* NetworkError.swift in Sources */ = {isa = PBXBuildFile; fileRef = 904A893325D4B54C00E741E6 /* NetworkError.swift */; };
		904A898325D4BE1A00E741E6 /* HTTPMethod.swift in Sources */ = {isa = PBXBuildFile; fileRef = 904A88DC25D4B00B00E741E6 /* HTTPMethod.swift */; };
		904A898425D4BE1A00E741E6 /* Reachability.swift in Sources */ = {isa = PBXBuildFile; fileRef = 904A88E225D4B07A00E741E6 /* Reachability.swift */; };
		90634FAD25D59453004F83A5 /* SearchView.swift in Sources */ = {isa = PBXBuildFile; fileRef = 90634FAC25D59453004F83A5 /* SearchView.swift */; };
		90D5CCC925D4C57B009049E7 /* SearchRepository.swift in Sources */ = {isa = PBXBuildFile; fileRef = 90D5CCC825D4C57B009049E7 /* SearchRepository.swift */; };
		90D5CCD325D4C5A4009049E7 /* SearchResponse.swift in Sources */ = {isa = PBXBuildFile; fileRef = 90D5CCD225D4C5A4009049E7 /* SearchResponse.swift */; };
		90D5CCD925D4C5BE009049E7 /* SearchResult.swift in Sources */ = {isa = PBXBuildFile; fileRef = 90D5CCD825D4C5BE009049E7 /* SearchResult.swift */; };
		90D5CCDF25D4C616009049E7 /* SearchRemoteRepository.swift in Sources */ = {isa = PBXBuildFile; fileRef = 90D5CCDE25D4C616009049E7 /* SearchRemoteRepository.swift */; };
		90D5CD0325D4C8EF009049E7 /* DesignSystem.h in Headers */ = {isa = PBXBuildFile; fileRef = 90D5CD0125D4C8EF009049E7 /* DesignSystem.h */; settings = {ATTRIBUTES = (Public, ); }; };
		90D5CD0625D4C8EF009049E7 /* DesignSystem.framework in Frameworks */ = {isa = PBXBuildFile; fileRef = 90D5CCFF25D4C8EF009049E7 /* DesignSystem.framework */; };
		90D5CD0725D4C8EF009049E7 /* DesignSystem.framework in Embed Frameworks */ = {isa = PBXBuildFile; fileRef = 90D5CCFF25D4C8EF009049E7 /* DesignSystem.framework */; settings = {ATTRIBUTES = (CodeSignOnCopy, RemoveHeadersOnCopy, ); }; };
		90D5CD1B25D4C933009049E7 /* UIView+Constraints.swift in Sources */ = {isa = PBXBuildFile; fileRef = 90D5CD1A25D4C933009049E7 /* UIView+Constraints.swift */; };
		90D5CD2325D4C95C009049E7 /* SearchBar.swift in Sources */ = {isa = PBXBuildFile; fileRef = 90D5CD2225D4C95C009049E7 /* SearchBar.swift */; };
		90D5CD3025D4C984009049E7 /* StyleGuide.swift in Sources */ = {isa = PBXBuildFile; fileRef = 90D5CD2F25D4C984009049E7 /* StyleGuide.swift */; };
		90D5CD3C25D4CA88009049E7 /* ViewConfigurator.swift in Sources */ = {isa = PBXBuildFile; fileRef = 90D5CD3B25D4CA88009049E7 /* ViewConfigurator.swift */; };
		90D5CD4325D4CAB3009049E7 /* CollectionViewCell.swift in Sources */ = {isa = PBXBuildFile; fileRef = 90D5CD4225D4CAB3009049E7 /* CollectionViewCell.swift */; };
		90D5CD4F25D4CB0D009049E7 /* UIImageView+SetUrl.swift in Sources */ = {isa = PBXBuildFile; fileRef = 90D5CD4E25D4CB0D009049E7 /* UIImageView+SetUrl.swift */; };
		90D5CD5F25D4CB3A009049E7 /* DownloadService.swift in Sources */ = {isa = PBXBuildFile; fileRef = 90D5CCF025D4C6BD009049E7 /* DownloadService.swift */; };
		90D5CD6825D4CC16009049E7 /* ViewController.swift in Sources */ = {isa = PBXBuildFile; fileRef = 90D5CD6725D4CC16009049E7 /* ViewController.swift */; };
		90D5CD8525D546E9009049E7 /* SearchViewController.swift in Sources */ = {isa = PBXBuildFile; fileRef = 90D5CD8425D546E9009049E7 /* SearchViewController.swift */; };
		90D5CD9125D5470A009049E7 /* SearchPresenter.swift in Sources */ = {isa = PBXBuildFile; fileRef = 90D5CD9025D5470A009049E7 /* SearchPresenter.swift */; };
		90D5CD9825D54724009049E7 /* Presenter.swift in Sources */ = {isa = PBXBuildFile; fileRef = 90D5CD9725D54724009049E7 /* Presenter.swift */; };
		90D5CD9F25D54768009049E7 /* SearchInteractor.swift in Sources */ = {isa = PBXBuildFile; fileRef = 90D5CD9E25D54768009049E7 /* SearchInteractor.swift */; };
		90D5CDA625D547C7009049E7 /* SearchRouter.swift in Sources */ = {isa = PBXBuildFile; fileRef = 90D5CDA525D547C7009049E7 /* SearchRouter.swift */; };
		90D5CDAD25D547D5009049E7 /* Router.swift in Sources */ = {isa = PBXBuildFile; fileRef = 90D5CDAC25D547D5009049E7 /* Router.swift */; };
		90D5CDB525D54B20009049E7 /* DetailViewController.swift in Sources */ = {isa = PBXBuildFile; fileRef = 90D5CDB425D54B20009049E7 /* DetailViewController.swift */; };
		90D5CDBC25D54B46009049E7 /* DetailPresenter.swift in Sources */ = {isa = PBXBuildFile; fileRef = 90D5CDBB25D54B46009049E7 /* DetailPresenter.swift */; };
		90D5CDC325D54B7D009049E7 /* DetailInteractor.swift in Sources */ = {isa = PBXBuildFile; fileRef = 90D5CDC225D54B7D009049E7 /* DetailInteractor.swift */; };
		90D5CDCA25D54BA4009049E7 /* DetailRouter.swift in Sources */ = {isa = PBXBuildFile; fileRef = 90D5CDC925D54BA4009049E7 /* DetailRouter.swift */; };
		90D5CDDD25D55DED009049E7 /* LoadingView.swift in Sources */ = {isa = PBXBuildFile; fileRef = 90D5CDDC25D55DED009049E7 /* LoadingView.swift */; };
		90DE518A25D99AD500A9CE69 /* Nimble in Frameworks */ = {isa = PBXBuildFile; productRef = 90DE518925D99AD500A9CE69 /* Nimble */; };
		90DE519225D99B3900A9CE69 /* Quick in Frameworks */ = {isa = PBXBuildFile; productRef = 90DE519125D99B3900A9CE69 /* Quick */; };
		90DE519925D99B9300A9CE69 /* SearchRouterTests.swift in Sources */ = {isa = PBXBuildFile; fileRef = 90DE519825D99B9300A9CE69 /* SearchRouterTests.swift */; };
		90DE51A025D9A08600A9CE69 /* ProductViewModelTests.swift in Sources */ = {isa = PBXBuildFile; fileRef = 90DE519F25D9A08600A9CE69 /* ProductViewModelTests.swift */; };
		90DE51A725D9A2B200A9CE69 /* SearchInteractorTests.swift in Sources */ = {isa = PBXBuildFile; fileRef = 90DE51A625D9A2B200A9CE69 /* SearchInteractorTests.swift */; };
		90DE51AE25D9A53F00A9CE69 /* SearchRepositoryMock.swift in Sources */ = {isa = PBXBuildFile; fileRef = 90DE51AD25D9A53F00A9CE69 /* SearchRepositoryMock.swift */; };
		90DE51B525D9A6CC00A9CE69 /* SearchInteractorOutputSpy.swift in Sources */ = {isa = PBXBuildFile; fileRef = 90DE51B425D9A6CC00A9CE69 /* SearchInteractorOutputSpy.swift */; };
		90DE51BC25D9A75F00A9CE69 /* SearchResults.json in Resources */ = {isa = PBXBuildFile; fileRef = 90DE51BB25D9A75F00A9CE69 /* SearchResults.json */; };
		90DE51C425D9A7C700A9CE69 /* JsonFromFile.swift in Sources */ = {isa = PBXBuildFile; fileRef = 90DE51C325D9A7C700A9CE69 /* JsonFromFile.swift */; };
		90DE51D925D9AB3500A9CE69 /* SearchResults.json in Resources */ = {isa = PBXBuildFile; fileRef = 90DE51BB25D9A75F00A9CE69 /* SearchResults.json */; };
		90DE51DF25D9AB6000A9CE69 /* JsonFromFile.swift in Sources */ = {isa = PBXBuildFile; fileRef = 90DE51C325D9A7C700A9CE69 /* JsonFromFile.swift */; };
		90DE51E625D9AFD600A9CE69 /* SearchPresenterTests.swift in Sources */ = {isa = PBXBuildFile; fileRef = 90DE51E525D9AFD600A9CE69 /* SearchPresenterTests.swift */; };
		90DE51ED25D9BC9800A9CE69 /* SearchSnapshotTests.swift in Sources */ = {isa = PBXBuildFile; fileRef = 90DE51EC25D9BC9800A9CE69 /* SearchSnapshotTests.swift */; };
		90DE51F525D9BDBA00A9CE69 /* SnapshotTesting in Frameworks */ = {isa = PBXBuildFile; productRef = 90DE51F425D9BDBA00A9CE69 /* SnapshotTesting */; };
		90FE105225D5A33600BA4378 /* CollectionViewCell.swift in Sources */ = {isa = PBXBuildFile; fileRef = 90FE105125D5A33600BA4378 /* CollectionViewCell.swift */; };
		90FE105925D5A4FE00BA4378 /* ProductCollectionViewCell.swift in Sources */ = {isa = PBXBuildFile; fileRef = 90FE105825D5A4FE00BA4378 /* ProductCollectionViewCell.swift */; };
		90FE106025D5A57100BA4378 /* ProductViewModel.swift in Sources */ = {isa = PBXBuildFile; fileRef = 90FE105F25D5A57100BA4378 /* ProductViewModel.swift */; };
/* End PBXBuildFile section */

/* Begin PBXContainerItemProxy section */
		904A888125D477B600E741E6 /* PBXContainerItemProxy */ = {
			isa = PBXContainerItemProxy;
			containerPortal = 904A886225D477B400E741E6 /* Project object */;
			proxyType = 1;
			remoteGlobalIDString = 904A886925D477B400E741E6;
			remoteInfo = MLSearch;
		};
		904A888C25D477B600E741E6 /* PBXContainerItemProxy */ = {
			isa = PBXContainerItemProxy;
			containerPortal = 904A886225D477B400E741E6 /* Project object */;
			proxyType = 1;
			remoteGlobalIDString = 904A886925D477B400E741E6;
			remoteInfo = MLSearch;
		};
		904A895425D4BD9600E741E6 /* PBXContainerItemProxy */ = {
			isa = PBXContainerItemProxy;
			containerPortal = 904A886225D477B400E741E6 /* Project object */;
			proxyType = 1;
			remoteGlobalIDString = 904A894925D4BD9600E741E6;
			remoteInfo = RequestNetwork;
		};
		904A895625D4BD9600E741E6 /* PBXContainerItemProxy */ = {
			isa = PBXContainerItemProxy;
			containerPortal = 904A886225D477B400E741E6 /* Project object */;
			proxyType = 1;
			remoteGlobalIDString = 904A886925D477B400E741E6;
			remoteInfo = MLSearch;
		};
		904A895D25D4BD9600E741E6 /* PBXContainerItemProxy */ = {
			isa = PBXContainerItemProxy;
			containerPortal = 904A886225D477B400E741E6 /* Project object */;
			proxyType = 1;
			remoteGlobalIDString = 904A894925D4BD9600E741E6;
			remoteInfo = RequestNetwork;
		};
		90D5CD0425D4C8EF009049E7 /* PBXContainerItemProxy */ = {
			isa = PBXContainerItemProxy;
			containerPortal = 904A886225D477B400E741E6 /* Project object */;
			proxyType = 1;
			remoteGlobalIDString = 90D5CCFE25D4C8EF009049E7;
			remoteInfo = DesignSystem;
		};
/* End PBXContainerItemProxy section */

/* Begin PBXCopyFilesBuildPhase section */
		904A88BF25D4782000E741E6 /* Embed Frameworks */ = {
			isa = PBXCopyFilesBuildPhase;
			buildActionMask = 2147483647;
			dstPath = "";
			dstSubfolderSpec = 10;
			files = (
				904A896025D4BD9600E741E6 /* RequestNetwork.framework in Embed Frameworks */,
				90D5CD0725D4C8EF009049E7 /* DesignSystem.framework in Embed Frameworks */,
			);
			name = "Embed Frameworks";
			runOnlyForDeploymentPostprocessing = 0;
		};
/* End PBXCopyFilesBuildPhase section */

/* Begin PBXFileReference section */
		902AB6F625D731E000FF642B /* DetailViewModel.swift */ = {isa = PBXFileReference; lastKnownFileType = sourcecode.swift; path = DetailViewModel.swift; sourceTree = "<group>"; };
		90380CF525D6E9C6009A373F /* DetailView.swift */ = {isa = PBXFileReference; lastKnownFileType = sourcecode.swift; path = DetailView.swift; sourceTree = "<group>"; };
		90380CFC25D6EAFB009A373F /* DetailCollectionViewCell.swift */ = {isa = PBXFileReference; lastKnownFileType = sourcecode.swift; path = DetailCollectionViewCell.swift; sourceTree = "<group>"; };
		90468CA825D5C8FF001F084F /* Double+Currency.swift */ = {isa = PBXFileReference; lastKnownFileType = sourcecode.swift; path = "Double+Currency.swift"; sourceTree = "<group>"; };
		904A886A25D477B400E741E6 /* MLSearch.app */ = {isa = PBXFileReference; explicitFileType = wrapper.application; includeInIndex = 0; path = MLSearch.app; sourceTree = BUILT_PRODUCTS_DIR; };
		904A886D25D477B400E741E6 /* AppDelegate.swift */ = {isa = PBXFileReference; lastKnownFileType = sourcecode.swift; path = AppDelegate.swift; sourceTree = "<group>"; };
		904A886F25D477B400E741E6 /* SceneDelegate.swift */ = {isa = PBXFileReference; lastKnownFileType = sourcecode.swift; path = SceneDelegate.swift; sourceTree = "<group>"; };
		904A887625D477B600E741E6 /* Assets.xcassets */ = {isa = PBXFileReference; lastKnownFileType = folder.assetcatalog; path = Assets.xcassets; sourceTree = "<group>"; };
		904A887925D477B600E741E6 /* Base */ = {isa = PBXFileReference; lastKnownFileType = file.storyboard; name = Base; path = Base.lproj/LaunchScreen.storyboard; sourceTree = "<group>"; };
		904A887B25D477B600E741E6 /* Info.plist */ = {isa = PBXFileReference; lastKnownFileType = text.plist.xml; path = Info.plist; sourceTree = "<group>"; };
		904A888025D477B600E741E6 /* MLSearchTests.xctest */ = {isa = PBXFileReference; explicitFileType = wrapper.cfbundle; includeInIndex = 0; path = MLSearchTests.xctest; sourceTree = BUILT_PRODUCTS_DIR; };
		904A888625D477B600E741E6 /* Info.plist */ = {isa = PBXFileReference; lastKnownFileType = text.plist.xml; path = Info.plist; sourceTree = "<group>"; };
		904A888B25D477B600E741E6 /* MLSearchUITests.xctest */ = {isa = PBXFileReference; explicitFileType = wrapper.cfbundle; includeInIndex = 0; path = MLSearchUITests.xctest; sourceTree = BUILT_PRODUCTS_DIR; };
		904A888F25D477B600E741E6 /* MLSearchUITests.swift */ = {isa = PBXFileReference; lastKnownFileType = sourcecode.swift; path = MLSearchUITests.swift; sourceTree = "<group>"; };
		904A889125D477B600E741E6 /* Info.plist */ = {isa = PBXFileReference; lastKnownFileType = text.plist.xml; path = Info.plist; sourceTree = "<group>"; };
		904A88C825D4786300E741E6 /* Service.swift */ = {isa = PBXFileReference; lastKnownFileType = sourcecode.swift; path = Service.swift; sourceTree = "<group>"; };
		904A88CE25D4AF1300E741E6 /* NetworkConstants.swift */ = {isa = PBXFileReference; lastKnownFileType = sourcecode.swift; path = NetworkConstants.swift; sourceTree = "<group>"; };
		904A88DC25D4B00B00E741E6 /* HTTPMethod.swift */ = {isa = PBXFileReference; lastKnownFileType = sourcecode.swift; path = HTTPMethod.swift; sourceTree = "<group>"; };
		904A88E225D4B07A00E741E6 /* Reachability.swift */ = {isa = PBXFileReference; lastKnownFileType = sourcecode.swift; path = Reachability.swift; sourceTree = "<group>"; };
		904A88E825D4B0B800E741E6 /* ReachabilityManager.swift */ = {isa = PBXFileReference; lastKnownFileType = sourcecode.swift; path = ReachabilityManager.swift; sourceTree = "<group>"; };
		904A88F125D4B15E00E741E6 /* SearchService.swift */ = {isa = PBXFileReference; lastKnownFileType = sourcecode.swift; path = SearchService.swift; sourceTree = "<group>"; };
		904A890D25D4B30500E741E6 /* ProductDetailService.swift */ = {isa = PBXFileReference; lastKnownFileType = sourcecode.swift; path = ProductDetailService.swift; sourceTree = "<group>"; };
		904A891425D4B3AF00E741E6 /* DetailRepository.swift */ = {isa = PBXFileReference; lastKnownFileType = sourcecode.swift; path = DetailRepository.swift; sourceTree = "<group>"; };
		904A892125D4B43600E741E6 /* ProductDetailResponse.swift */ = {isa = PBXFileReference; lastKnownFileType = sourcecode.swift; path = ProductDetailResponse.swift; sourceTree = "<group>"; };
		904A892725D4B44500E741E6 /* ProductDetail.swift */ = {isa = PBXFileReference; lastKnownFileType = sourcecode.swift; path = ProductDetail.swift; sourceTree = "<group>"; };
		904A892D25D4B4F600E741E6 /* DetailRemoteRepository.swift */ = {isa = PBXFileReference; lastKnownFileType = sourcecode.swift; path = DetailRemoteRepository.swift; sourceTree = "<group>"; };
		904A893325D4B54C00E741E6 /* NetworkError.swift */ = {isa = PBXFileReference; lastKnownFileType = sourcecode.swift; path = NetworkError.swift; sourceTree = "<group>"; };
		904A893925D4B8E800E741E6 /* JSONParameterEncoder.swift */ = {isa = PBXFileReference; lastKnownFileType = sourcecode.swift; path = JSONParameterEncoder.swift; sourceTree = "<group>"; };
		904A893F25D4B9FC00E741E6 /* NetworkManager.swift */ = {isa = PBXFileReference; lastKnownFileType = sourcecode.swift; path = NetworkManager.swift; sourceTree = "<group>"; };
		904A894A25D4BD9600E741E6 /* RequestNetwork.framework */ = {isa = PBXFileReference; explicitFileType = wrapper.framework; includeInIndex = 0; path = RequestNetwork.framework; sourceTree = BUILT_PRODUCTS_DIR; };
		904A894C25D4BD9600E741E6 /* RequestNetwork.h */ = {isa = PBXFileReference; lastKnownFileType = sourcecode.c.h; path = RequestNetwork.h; sourceTree = "<group>"; };
		904A894D25D4BD9600E741E6 /* Info.plist */ = {isa = PBXFileReference; lastKnownFileType = text.plist.xml; path = Info.plist; sourceTree = "<group>"; };
		904A895225D4BD9600E741E6 /* RequestNetworkTests.xctest */ = {isa = PBXFileReference; explicitFileType = wrapper.cfbundle; includeInIndex = 0; path = RequestNetworkTests.xctest; sourceTree = BUILT_PRODUCTS_DIR; };
		904A895925D4BD9600E741E6 /* RequestNetworkTests.swift */ = {isa = PBXFileReference; lastKnownFileType = sourcecode.swift; path = RequestNetworkTests.swift; sourceTree = "<group>"; };
		904A895B25D4BD9600E741E6 /* Info.plist */ = {isa = PBXFileReference; lastKnownFileType = text.plist.xml; path = Info.plist; sourceTree = "<group>"; };
		90634FAC25D59453004F83A5 /* SearchView.swift */ = {isa = PBXFileReference; lastKnownFileType = sourcecode.swift; path = SearchView.swift; sourceTree = "<group>"; };
		90D5CCC825D4C57B009049E7 /* SearchRepository.swift */ = {isa = PBXFileReference; lastKnownFileType = sourcecode.swift; path = SearchRepository.swift; sourceTree = "<group>"; };
		90D5CCD225D4C5A4009049E7 /* SearchResponse.swift */ = {isa = PBXFileReference; lastKnownFileType = sourcecode.swift; path = SearchResponse.swift; sourceTree = "<group>"; };
		90D5CCD825D4C5BE009049E7 /* SearchResult.swift */ = {isa = PBXFileReference; lastKnownFileType = sourcecode.swift; path = SearchResult.swift; sourceTree = "<group>"; };
		90D5CCDE25D4C616009049E7 /* SearchRemoteRepository.swift */ = {isa = PBXFileReference; lastKnownFileType = sourcecode.swift; path = SearchRemoteRepository.swift; sourceTree = "<group>"; };
		90D5CCF025D4C6BD009049E7 /* DownloadService.swift */ = {isa = PBXFileReference; lastKnownFileType = sourcecode.swift; path = DownloadService.swift; sourceTree = "<group>"; };
		90D5CCFF25D4C8EF009049E7 /* DesignSystem.framework */ = {isa = PBXFileReference; explicitFileType = wrapper.framework; includeInIndex = 0; path = DesignSystem.framework; sourceTree = BUILT_PRODUCTS_DIR; };
		90D5CD0125D4C8EF009049E7 /* DesignSystem.h */ = {isa = PBXFileReference; lastKnownFileType = sourcecode.c.h; path = DesignSystem.h; sourceTree = "<group>"; };
		90D5CD0225D4C8EF009049E7 /* Info.plist */ = {isa = PBXFileReference; lastKnownFileType = text.plist.xml; path = Info.plist; sourceTree = "<group>"; };
		90D5CD1A25D4C933009049E7 /* UIView+Constraints.swift */ = {isa = PBXFileReference; lastKnownFileType = sourcecode.swift; path = "UIView+Constraints.swift"; sourceTree = "<group>"; };
		90D5CD2225D4C95C009049E7 /* SearchBar.swift */ = {isa = PBXFileReference; lastKnownFileType = sourcecode.swift; path = SearchBar.swift; sourceTree = "<group>"; };
		90D5CD2F25D4C984009049E7 /* StyleGuide.swift */ = {isa = PBXFileReference; lastKnownFileType = sourcecode.swift; path = StyleGuide.swift; sourceTree = "<group>"; };
		90D5CD3B25D4CA88009049E7 /* ViewConfigurator.swift */ = {isa = PBXFileReference; lastKnownFileType = sourcecode.swift; path = ViewConfigurator.swift; sourceTree = "<group>"; };
		90D5CD4225D4CAB3009049E7 /* CollectionViewCell.swift */ = {isa = PBXFileReference; lastKnownFileType = sourcecode.swift; path = CollectionViewCell.swift; sourceTree = "<group>"; };
		90D5CD4E25D4CB0D009049E7 /* UIImageView+SetUrl.swift */ = {isa = PBXFileReference; lastKnownFileType = sourcecode.swift; path = "UIImageView+SetUrl.swift"; sourceTree = "<group>"; };
		90D5CD6725D4CC16009049E7 /* ViewController.swift */ = {isa = PBXFileReference; lastKnownFileType = sourcecode.swift; path = ViewController.swift; sourceTree = "<group>"; };
		90D5CD8425D546E9009049E7 /* SearchViewController.swift */ = {isa = PBXFileReference; lastKnownFileType = sourcecode.swift; path = SearchViewController.swift; sourceTree = "<group>"; };
		90D5CD9025D5470A009049E7 /* SearchPresenter.swift */ = {isa = PBXFileReference; lastKnownFileType = sourcecode.swift; path = SearchPresenter.swift; sourceTree = "<group>"; };
		90D5CD9725D54724009049E7 /* Presenter.swift */ = {isa = PBXFileReference; lastKnownFileType = sourcecode.swift; path = Presenter.swift; sourceTree = "<group>"; };
		90D5CD9E25D54768009049E7 /* SearchInteractor.swift */ = {isa = PBXFileReference; lastKnownFileType = sourcecode.swift; path = SearchInteractor.swift; sourceTree = "<group>"; };
		90D5CDA525D547C7009049E7 /* SearchRouter.swift */ = {isa = PBXFileReference; lastKnownFileType = sourcecode.swift; path = SearchRouter.swift; sourceTree = "<group>"; };
		90D5CDAC25D547D5009049E7 /* Router.swift */ = {isa = PBXFileReference; lastKnownFileType = sourcecode.swift; path = Router.swift; sourceTree = "<group>"; };
		90D5CDB425D54B20009049E7 /* DetailViewController.swift */ = {isa = PBXFileReference; lastKnownFileType = sourcecode.swift; path = DetailViewController.swift; sourceTree = "<group>"; };
		90D5CDBB25D54B46009049E7 /* DetailPresenter.swift */ = {isa = PBXFileReference; lastKnownFileType = sourcecode.swift; path = DetailPresenter.swift; sourceTree = "<group>"; };
		90D5CDC225D54B7D009049E7 /* DetailInteractor.swift */ = {isa = PBXFileReference; lastKnownFileType = sourcecode.swift; path = DetailInteractor.swift; sourceTree = "<group>"; };
		90D5CDC925D54BA4009049E7 /* DetailRouter.swift */ = {isa = PBXFileReference; lastKnownFileType = sourcecode.swift; path = DetailRouter.swift; sourceTree = "<group>"; };
		90D5CDDC25D55DED009049E7 /* LoadingView.swift */ = {isa = PBXFileReference; lastKnownFileType = sourcecode.swift; path = LoadingView.swift; sourceTree = "<group>"; };
		90DE519825D99B9300A9CE69 /* SearchRouterTests.swift */ = {isa = PBXFileReference; lastKnownFileType = sourcecode.swift; path = SearchRouterTests.swift; sourceTree = "<group>"; };
		90DE519F25D9A08600A9CE69 /* ProductViewModelTests.swift */ = {isa = PBXFileReference; lastKnownFileType = sourcecode.swift; path = ProductViewModelTests.swift; sourceTree = "<group>"; };
		90DE51A625D9A2B200A9CE69 /* SearchInteractorTests.swift */ = {isa = PBXFileReference; lastKnownFileType = sourcecode.swift; path = SearchInteractorTests.swift; sourceTree = "<group>"; };
		90DE51AD25D9A53F00A9CE69 /* SearchRepositoryMock.swift */ = {isa = PBXFileReference; lastKnownFileType = sourcecode.swift; path = SearchRepositoryMock.swift; sourceTree = "<group>"; };
		90DE51B425D9A6CC00A9CE69 /* SearchInteractorOutputSpy.swift */ = {isa = PBXFileReference; lastKnownFileType = sourcecode.swift; path = SearchInteractorOutputSpy.swift; sourceTree = "<group>"; };
		90DE51BB25D9A75F00A9CE69 /* SearchResults.json */ = {isa = PBXFileReference; lastKnownFileType = text.json; path = SearchResults.json; sourceTree = "<group>"; };
		90DE51C325D9A7C700A9CE69 /* JsonFromFile.swift */ = {isa = PBXFileReference; lastKnownFileType = sourcecode.swift; path = JsonFromFile.swift; sourceTree = "<group>"; };
		90DE51E525D9AFD600A9CE69 /* SearchPresenterTests.swift */ = {isa = PBXFileReference; lastKnownFileType = sourcecode.swift; path = SearchPresenterTests.swift; sourceTree = "<group>"; };
		90DE51EC25D9BC9800A9CE69 /* SearchSnapshotTests.swift */ = {isa = PBXFileReference; lastKnownFileType = sourcecode.swift; path = SearchSnapshotTests.swift; sourceTree = "<group>"; };
		90FE105125D5A33600BA4378 /* CollectionViewCell.swift */ = {isa = PBXFileReference; lastKnownFileType = sourcecode.swift; path = CollectionViewCell.swift; sourceTree = "<group>"; };
		90FE105825D5A4FE00BA4378 /* ProductCollectionViewCell.swift */ = {isa = PBXFileReference; lastKnownFileType = sourcecode.swift; path = ProductCollectionViewCell.swift; sourceTree = "<group>"; };
		90FE105F25D5A57100BA4378 /* ProductViewModel.swift */ = {isa = PBXFileReference; lastKnownFileType = sourcecode.swift; path = ProductViewModel.swift; sourceTree = "<group>"; };
/* End PBXFileReference section */

/* Begin PBXFrameworksBuildPhase section */
		904A886725D477B400E741E6 /* Frameworks */ = {
			isa = PBXFrameworksBuildPhase;
			buildActionMask = 2147483647;
			files = (
				904A895F25D4BD9600E741E6 /* RequestNetwork.framework in Frameworks */,
				90D5CD0625D4C8EF009049E7 /* DesignSystem.framework in Frameworks */,
			);
			runOnlyForDeploymentPostprocessing = 0;
		};
		904A887D25D477B600E741E6 /* Frameworks */ = {
			isa = PBXFrameworksBuildPhase;
			buildActionMask = 2147483647;
			files = (
				90DE51F525D9BDBA00A9CE69 /* SnapshotTesting in Frameworks */,
				90DE519225D99B3900A9CE69 /* Quick in Frameworks */,
				90DE518A25D99AD500A9CE69 /* Nimble in Frameworks */,
			);
			runOnlyForDeploymentPostprocessing = 0;
		};
		904A888825D477B600E741E6 /* Frameworks */ = {
			isa = PBXFrameworksBuildPhase;
			buildActionMask = 2147483647;
			files = (
			);
			runOnlyForDeploymentPostprocessing = 0;
		};
		904A894725D4BD9600E741E6 /* Frameworks */ = {
			isa = PBXFrameworksBuildPhase;
			buildActionMask = 2147483647;
			files = (
			);
			runOnlyForDeploymentPostprocessing = 0;
		};
		904A894F25D4BD9600E741E6 /* Frameworks */ = {
			isa = PBXFrameworksBuildPhase;
			buildActionMask = 2147483647;
			files = (
				904A895325D4BD9600E741E6 /* RequestNetwork.framework in Frameworks */,
			);
			runOnlyForDeploymentPostprocessing = 0;
		};
		90D5CCFC25D4C8EF009049E7 /* Frameworks */ = {
			isa = PBXFrameworksBuildPhase;
			buildActionMask = 2147483647;
			files = (
			);
			runOnlyForDeploymentPostprocessing = 0;
		};
/* End PBXFrameworksBuildPhase section */

/* Begin PBXGroup section */
		90468CA725D5C8EF001F084F /* Utils */ = {
			isa = PBXGroup;
			children = (
				90468CA825D5C8FF001F084F /* Double+Currency.swift */,
			);
			path = Utils;
			sourceTree = "<group>";
		};
		904A886125D477B400E741E6 = {
			isa = PBXGroup;
			children = (
				904A886C25D477B400E741E6 /* MLSearch */,
				904A888325D477B600E741E6 /* MLSearchTests */,
				904A888E25D477B600E741E6 /* MLSearchUITests */,
				904A894B25D4BD9600E741E6 /* RequestNetwork */,
				904A895825D4BD9600E741E6 /* RequestNetworkTests */,
				90D5CD0025D4C8EF009049E7 /* DesignSystem */,
				904A886B25D477B400E741E6 /* Products */,
			);
			sourceTree = "<group>";
		};
		904A886B25D477B400E741E6 /* Products */ = {
			isa = PBXGroup;
			children = (
				904A886A25D477B400E741E6 /* MLSearch.app */,
				904A888025D477B600E741E6 /* MLSearchTests.xctest */,
				904A888B25D477B600E741E6 /* MLSearchUITests.xctest */,
				904A894A25D4BD9600E741E6 /* RequestNetwork.framework */,
				904A895225D4BD9600E741E6 /* RequestNetworkTests.xctest */,
				90D5CCFF25D4C8EF009049E7 /* DesignSystem.framework */,
			);
			name = Products;
			sourceTree = "<group>";
		};
		904A886C25D477B400E741E6 /* MLSearch */ = {
			isa = PBXGroup;
			children = (
				90D5CDDB25D54D61009049E7 /* AppDelegate */,
				90D5CDD025D54C25009049E7 /* Resources */,
				904A891E25D4B40100E741E6 /* Application */,
				904A88EE25D4B11D00E741E6 /* Domain */,
				904A887B25D477B600E741E6 /* Info.plist */,
			);
			path = MLSearch;
			sourceTree = "<group>";
		};
		904A888325D477B600E741E6 /* MLSearchTests */ = {
			isa = PBXGroup;
			children = (
				90DE51C225D9A7B900A9CE69 /* Utils */,
				90DE518625D99A3D00A9CE69 /* Features */,
				90DE518525D99A3800A9CE69 /* Mocks */,
				904A888625D477B600E741E6 /* Info.plist */,
			);
			path = MLSearchTests;
			sourceTree = "<group>";
		};
		904A888E25D477B600E741E6 /* MLSearchUITests */ = {
			isa = PBXGroup;
			children = (
				904A888F25D477B600E741E6 /* MLSearchUITests.swift */,
				904A889125D477B600E741E6 /* Info.plist */,
			);
			path = MLSearchUITests;
			sourceTree = "<group>";
		};
		904A88C725D4784900E741E6 /* Engine */ = {
			isa = PBXGroup;
			children = (
				904A88C825D4786300E741E6 /* Service.swift */,
				904A88CE25D4AF1300E741E6 /* NetworkConstants.swift */,
				904A88DC25D4B00B00E741E6 /* HTTPMethod.swift */,
				904A88E225D4B07A00E741E6 /* Reachability.swift */,
				904A88E825D4B0B800E741E6 /* ReachabilityManager.swift */,
				904A893325D4B54C00E741E6 /* NetworkError.swift */,
				904A893925D4B8E800E741E6 /* JSONParameterEncoder.swift */,
				904A893F25D4B9FC00E741E6 /* NetworkManager.swift */,
			);
			path = Engine;
			sourceTree = "<group>";
		};
		904A88EE25D4B11D00E741E6 /* Domain */ = {
			isa = PBXGroup;
			children = (
				904A88EF25D4B12E00E741E6 /* Remote */,
			);
			path = Domain;
			sourceTree = "<group>";
		};
		904A88EF25D4B12E00E741E6 /* Remote */ = {
			isa = PBXGroup;
			children = (
				904A890625D4B2AA00E741E6 /* Repositories */,
				904A88F025D4B14700E741E6 /* Services */,
			);
			path = Remote;
			sourceTree = "<group>";
		};
		904A88F025D4B14700E741E6 /* Services */ = {
			isa = PBXGroup;
			children = (
				904A890C25D4B2ED00E741E6 /* Detail */,
				904A890B25D4B2E200E741E6 /* Search */,
			);
			path = Services;
			sourceTree = "<group>";
		};
		904A890625D4B2AA00E741E6 /* Repositories */ = {
			isa = PBXGroup;
			children = (
				90D5CCC725D4C56C009049E7 /* Search */,
				904A891325D4B39900E741E6 /* Detail */,
			);
			path = Repositories;
			sourceTree = "<group>";
		};
		904A890B25D4B2E200E741E6 /* Search */ = {
			isa = PBXGroup;
			children = (
				904A88F125D4B15E00E741E6 /* SearchService.swift */,
			);
			path = Search;
			sourceTree = "<group>";
		};
		904A890C25D4B2ED00E741E6 /* Detail */ = {
			isa = PBXGroup;
			children = (
				904A890D25D4B30500E741E6 /* ProductDetailService.swift */,
			);
			path = Detail;
			sourceTree = "<group>";
		};
		904A891325D4B39900E741E6 /* Detail */ = {
			isa = PBXGroup;
			children = (
				904A891425D4B3AF00E741E6 /* DetailRepository.swift */,
				904A892D25D4B4F600E741E6 /* DetailRemoteRepository.swift */,
			);
			path = Detail;
			sourceTree = "<group>";
		};
		904A891E25D4B40100E741E6 /* Application */ = {
			isa = PBXGroup;
			children = (
				90468CA725D5C8EF001F084F /* Utils */,
				90D5CD8225D546CB009049E7 /* Features */,
				90D5CD6625D4CC12009049E7 /* Base */,
				904A891F25D4B41700E741E6 /* Models */,
			);
			path = Application;
			sourceTree = "<group>";
		};
		904A891F25D4B41700E741E6 /* Models */ = {
			isa = PBXGroup;
			children = (
				904A892125D4B43600E741E6 /* ProductDetailResponse.swift */,
				904A892725D4B44500E741E6 /* ProductDetail.swift */,
				90D5CCD225D4C5A4009049E7 /* SearchResponse.swift */,
				90D5CCD825D4C5BE009049E7 /* SearchResult.swift */,
			);
			path = Models;
			sourceTree = "<group>";
		};
		904A894B25D4BD9600E741E6 /* RequestNetwork */ = {
			isa = PBXGroup;
			children = (
				904A88C725D4784900E741E6 /* Engine */,
				904A894C25D4BD9600E741E6 /* RequestNetwork.h */,
				904A894D25D4BD9600E741E6 /* Info.plist */,
			);
			path = RequestNetwork;
			sourceTree = "<group>";
		};
		904A895825D4BD9600E741E6 /* RequestNetworkTests */ = {
			isa = PBXGroup;
			children = (
				904A895925D4BD9600E741E6 /* RequestNetworkTests.swift */,
				904A895B25D4BD9600E741E6 /* Info.plist */,
			);
			path = RequestNetworkTests;
			sourceTree = "<group>";
		};
		90D5CCC725D4C56C009049E7 /* Search */ = {
			isa = PBXGroup;
			children = (
				90D5CCC825D4C57B009049E7 /* SearchRepository.swift */,
				90D5CCDE25D4C616009049E7 /* SearchRemoteRepository.swift */,
			);
			path = Search;
			sourceTree = "<group>";
		};
		90D5CCEF25D4C6A5009049E7 /* Image */ = {
			isa = PBXGroup;
			children = (
				90D5CCF025D4C6BD009049E7 /* DownloadService.swift */,
			);
			path = Image;
			sourceTree = "<group>";
		};
		90D5CD0025D4C8EF009049E7 /* DesignSystem */ = {
			isa = PBXGroup;
			children = (
				90D5CCEF25D4C6A5009049E7 /* Image */,
				90D5CD2E25D4C976009049E7 /* Style */,
				90D5CD2125D4C956009049E7 /* Components */,
				90D5CD1025D4C8F6009049E7 /* Constraints */,
				90D5CD0125D4C8EF009049E7 /* DesignSystem.h */,
				90D5CD0225D4C8EF009049E7 /* Info.plist */,
			);
			path = DesignSystem;
			sourceTree = "<group>";
		};
		90D5CD1025D4C8F6009049E7 /* Constraints */ = {
			isa = PBXGroup;
			children = (
				90D5CD1A25D4C933009049E7 /* UIView+Constraints.swift */,
			);
			path = Constraints;
			sourceTree = "<group>";
		};
		90D5CD2125D4C956009049E7 /* Components */ = {
			isa = PBXGroup;
			children = (
				90D5CD3B25D4CA88009049E7 /* ViewConfigurator.swift */,
				90D5CD2225D4C95C009049E7 /* SearchBar.swift */,
				90D5CD4225D4CAB3009049E7 /* CollectionViewCell.swift */,
				90D5CD4E25D4CB0D009049E7 /* UIImageView+SetUrl.swift */,
				90D5CDDC25D55DED009049E7 /* LoadingView.swift */,
			);
			path = Components;
			sourceTree = "<group>";
		};
		90D5CD2E25D4C976009049E7 /* Style */ = {
			isa = PBXGroup;
			children = (
				90D5CD2F25D4C984009049E7 /* StyleGuide.swift */,
			);
			path = Style;
			sourceTree = "<group>";
		};
		90D5CD6625D4CC12009049E7 /* Base */ = {
			isa = PBXGroup;
			children = (
				90D5CD6725D4CC16009049E7 /* ViewController.swift */,
				90D5CD9725D54724009049E7 /* Presenter.swift */,
				90D5CDAC25D547D5009049E7 /* Router.swift */,
				90FE105125D5A33600BA4378 /* CollectionViewCell.swift */,
			);
			path = Base;
			sourceTree = "<group>";
		};
		90D5CD8225D546CB009049E7 /* Features */ = {
			isa = PBXGroup;
			children = (
				90D5CDB325D54B0C009049E7 /* Detail */,
				90D5CD8325D546D2009049E7 /* Search */,
			);
			path = Features;
			sourceTree = "<group>";
		};
		90D5CD8325D546D2009049E7 /* Search */ = {
			isa = PBXGroup;
			children = (
				90D5CD8425D546E9009049E7 /* SearchViewController.swift */,
				90D5CD9025D5470A009049E7 /* SearchPresenter.swift */,
				90D5CD9E25D54768009049E7 /* SearchInteractor.swift */,
				90D5CDA525D547C7009049E7 /* SearchRouter.swift */,
				90634FAC25D59453004F83A5 /* SearchView.swift */,
				90FE105825D5A4FE00BA4378 /* ProductCollectionViewCell.swift */,
				90FE105F25D5A57100BA4378 /* ProductViewModel.swift */,
			);
			path = Search;
			sourceTree = "<group>";
		};
		90D5CDB325D54B0C009049E7 /* Detail */ = {
			isa = PBXGroup;
			children = (
				90D5CDB425D54B20009049E7 /* DetailViewController.swift */,
				90D5CDBB25D54B46009049E7 /* DetailPresenter.swift */,
				90D5CDC225D54B7D009049E7 /* DetailInteractor.swift */,
				90D5CDC925D54BA4009049E7 /* DetailRouter.swift */,
				90380CF525D6E9C6009A373F /* DetailView.swift */,
				90380CFC25D6EAFB009A373F /* DetailCollectionViewCell.swift */,
				902AB6F625D731E000FF642B /* DetailViewModel.swift */,
			);
			path = Detail;
			sourceTree = "<group>";
		};
		90D5CDD025D54C25009049E7 /* Resources */ = {
			isa = PBXGroup;
			children = (
				904A887625D477B600E741E6 /* Assets.xcassets */,
				904A887825D477B600E741E6 /* LaunchScreen.storyboard */,
			);
			path = Resources;
			sourceTree = "<group>";
		};
		90D5CDDB25D54D61009049E7 /* AppDelegate */ = {
			isa = PBXGroup;
			children = (
				904A886D25D477B400E741E6 /* AppDelegate.swift */,
				904A886F25D477B400E741E6 /* SceneDelegate.swift */,
			);
			path = AppDelegate;
			sourceTree = "<group>";
		};
		90DE518525D99A3800A9CE69 /* Mocks */ = {
			isa = PBXGroup;
			children = (
				90DE51AD25D9A53F00A9CE69 /* SearchRepositoryMock.swift */,
				90DE51B425D9A6CC00A9CE69 /* SearchInteractorOutputSpy.swift */,
				90DE51BB25D9A75F00A9CE69 /* SearchResults.json */,
			);
			path = Mocks;
			sourceTree = "<group>";
		};
		90DE518625D99A3D00A9CE69 /* Features */ = {
			isa = PBXGroup;
			children = (
				90DE518725D99A4400A9CE69 /* Search */,
			);
			path = Features;
			sourceTree = "<group>";
		};
		90DE518725D99A4400A9CE69 /* Search */ = {
			isa = PBXGroup;
			children = (
				90DE519825D99B9300A9CE69 /* SearchRouterTests.swift */,
				90DE519F25D9A08600A9CE69 /* ProductViewModelTests.swift */,
				90DE51A625D9A2B200A9CE69 /* SearchInteractorTests.swift */,
				90DE51E525D9AFD600A9CE69 /* SearchPresenterTests.swift */,
				90DE51EC25D9BC9800A9CE69 /* SearchSnapshotTests.swift */,
			);
			path = Search;
			sourceTree = "<group>";
		};
		90DE51C225D9A7B900A9CE69 /* Utils */ = {
			isa = PBXGroup;
			children = (
				90DE51C325D9A7C700A9CE69 /* JsonFromFile.swift */,
			);
			path = Utils;
			sourceTree = "<group>";
		};
/* End PBXGroup section */

/* Begin PBXHeadersBuildPhase section */
		904A894525D4BD9600E741E6 /* Headers */ = {
			isa = PBXHeadersBuildPhase;
			buildActionMask = 2147483647;
			files = (
				904A895C25D4BD9600E741E6 /* RequestNetwork.h in Headers */,
			);
			runOnlyForDeploymentPostprocessing = 0;
		};
		90D5CCFA25D4C8EF009049E7 /* Headers */ = {
			isa = PBXHeadersBuildPhase;
			buildActionMask = 2147483647;
			files = (
				90D5CD0325D4C8EF009049E7 /* DesignSystem.h in Headers */,
			);
			runOnlyForDeploymentPostprocessing = 0;
		};
/* End PBXHeadersBuildPhase section */

/* Begin PBXNativeTarget section */
		904A886925D477B400E741E6 /* MLSearch */ = {
			isa = PBXNativeTarget;
			buildConfigurationList = 904A889425D477B600E741E6 /* Build configuration list for PBXNativeTarget "MLSearch" */;
			buildPhases = (
				904A886625D477B400E741E6 /* Sources */,
				904A886725D477B400E741E6 /* Frameworks */,
				904A886825D477B400E741E6 /* Resources */,
				904A88BF25D4782000E741E6 /* Embed Frameworks */,
			);
			buildRules = (
			);
			dependencies = (
				904A895E25D4BD9600E741E6 /* PBXTargetDependency */,
				90D5CD0525D4C8EF009049E7 /* PBXTargetDependency */,
			);
			name = MLSearch;
			productName = MLSearch;
			productReference = 904A886A25D477B400E741E6 /* MLSearch.app */;
			productType = "com.apple.product-type.application";
		};
		904A887F25D477B600E741E6 /* MLSearchTests */ = {
			isa = PBXNativeTarget;
			buildConfigurationList = 904A889725D477B600E741E6 /* Build configuration list for PBXNativeTarget "MLSearchTests" */;
			buildPhases = (
				904A887C25D477B600E741E6 /* Sources */,
				904A887D25D477B600E741E6 /* Frameworks */,
				904A887E25D477B600E741E6 /* Resources */,
			);
			buildRules = (
			);
			dependencies = (
				904A888225D477B600E741E6 /* PBXTargetDependency */,
			);
			name = MLSearchTests;
			packageProductDependencies = (
				90DE518925D99AD500A9CE69 /* Nimble */,
				90DE519125D99B3900A9CE69 /* Quick */,
				90DE51F425D9BDBA00A9CE69 /* SnapshotTesting */,
			);
			productName = MLSearchTests;
			productReference = 904A888025D477B600E741E6 /* MLSearchTests.xctest */;
			productType = "com.apple.product-type.bundle.unit-test";
		};
		904A888A25D477B600E741E6 /* MLSearchUITests */ = {
			isa = PBXNativeTarget;
			buildConfigurationList = 904A889A25D477B600E741E6 /* Build configuration list for PBXNativeTarget "MLSearchUITests" */;
			buildPhases = (
				904A888725D477B600E741E6 /* Sources */,
				904A888825D477B600E741E6 /* Frameworks */,
				904A888925D477B600E741E6 /* Resources */,
			);
			buildRules = (
			);
			dependencies = (
				904A888D25D477B600E741E6 /* PBXTargetDependency */,
			);
			name = MLSearchUITests;
			productName = MLSearchUITests;
			productReference = 904A888B25D477B600E741E6 /* MLSearchUITests.xctest */;
			productType = "com.apple.product-type.bundle.ui-testing";
		};
		904A894925D4BD9600E741E6 /* RequestNetwork */ = {
			isa = PBXNativeTarget;
			buildConfigurationList = 904A896125D4BD9600E741E6 /* Build configuration list for PBXNativeTarget "RequestNetwork" */;
			buildPhases = (
				904A894525D4BD9600E741E6 /* Headers */,
				904A894625D4BD9600E741E6 /* Sources */,
				904A894725D4BD9600E741E6 /* Frameworks */,
				904A894825D4BD9600E741E6 /* Resources */,
			);
			buildRules = (
			);
			dependencies = (
			);
			name = RequestNetwork;
			productName = RequestNetwork;
			productReference = 904A894A25D4BD9600E741E6 /* RequestNetwork.framework */;
			productType = "com.apple.product-type.framework";
		};
		904A895125D4BD9600E741E6 /* RequestNetworkTests */ = {
			isa = PBXNativeTarget;
			buildConfigurationList = 904A896425D4BD9600E741E6 /* Build configuration list for PBXNativeTarget "RequestNetworkTests" */;
			buildPhases = (
				904A894E25D4BD9600E741E6 /* Sources */,
				904A894F25D4BD9600E741E6 /* Frameworks */,
				904A895025D4BD9600E741E6 /* Resources */,
			);
			buildRules = (
			);
			dependencies = (
				904A895525D4BD9600E741E6 /* PBXTargetDependency */,
				904A895725D4BD9600E741E6 /* PBXTargetDependency */,
			);
			name = RequestNetworkTests;
			productName = RequestNetworkTests;
			productReference = 904A895225D4BD9600E741E6 /* RequestNetworkTests.xctest */;
			productType = "com.apple.product-type.bundle.unit-test";
		};
		90D5CCFE25D4C8EF009049E7 /* DesignSystem */ = {
			isa = PBXNativeTarget;
			buildConfigurationList = 90D5CD0825D4C8EF009049E7 /* Build configuration list for PBXNativeTarget "DesignSystem" */;
			buildPhases = (
				90D5CCFA25D4C8EF009049E7 /* Headers */,
				90D5CCFB25D4C8EF009049E7 /* Sources */,
				90D5CCFC25D4C8EF009049E7 /* Frameworks */,
				90D5CCFD25D4C8EF009049E7 /* Resources */,
			);
			buildRules = (
			);
			dependencies = (
			);
			name = DesignSystem;
			productName = DesignSystem;
			productReference = 90D5CCFF25D4C8EF009049E7 /* DesignSystem.framework */;
			productType = "com.apple.product-type.framework";
		};
/* End PBXNativeTarget section */

/* Begin PBXProject section */
		904A886225D477B400E741E6 /* Project object */ = {
			isa = PBXProject;
			attributes = {
				LastSwiftUpdateCheck = 1240;
				LastUpgradeCheck = 1240;
				TargetAttributes = {
					904A886925D477B400E741E6 = {
						CreatedOnToolsVersion = 12.4;
					};
					904A887F25D477B600E741E6 = {
						CreatedOnToolsVersion = 12.4;
						TestTargetID = 904A886925D477B400E741E6;
					};
					904A888A25D477B600E741E6 = {
						CreatedOnToolsVersion = 12.4;
						TestTargetID = 904A886925D477B400E741E6;
					};
					904A894925D4BD9600E741E6 = {
						CreatedOnToolsVersion = 12.4;
					};
					904A895125D4BD9600E741E6 = {
						CreatedOnToolsVersion = 12.4;
						TestTargetID = 904A886925D477B400E741E6;
					};
					90D5CCFE25D4C8EF009049E7 = {
						CreatedOnToolsVersion = 12.4;
						LastSwiftMigration = 1240;
					};
				};
			};
			buildConfigurationList = 904A886525D477B400E741E6 /* Build configuration list for PBXProject "MLSearch" */;
			compatibilityVersion = "Xcode 9.3";
			developmentRegion = en;
			hasScannedForEncodings = 0;
			knownRegions = (
				en,
				Base,
			);
			mainGroup = 904A886125D477B400E741E6;
			packageReferences = (
				90DE518825D99AD500A9CE69 /* XCRemoteSwiftPackageReference "Nimble" */,
				90DE519025D99B3900A9CE69 /* XCRemoteSwiftPackageReference "Quick" */,
				90DE51F325D9BDBA00A9CE69 /* XCRemoteSwiftPackageReference "swift-snapshot-testing" */,
			);
			productRefGroup = 904A886B25D477B400E741E6 /* Products */;
			projectDirPath = "";
			projectRoot = "";
			targets = (
				904A886925D477B400E741E6 /* MLSearch */,
				904A887F25D477B600E741E6 /* MLSearchTests */,
				904A888A25D477B600E741E6 /* MLSearchUITests */,
				904A894925D4BD9600E741E6 /* RequestNetwork */,
				904A895125D4BD9600E741E6 /* RequestNetworkTests */,
				90D5CCFE25D4C8EF009049E7 /* DesignSystem */,
			);
		};
/* End PBXProject section */

/* Begin PBXResourcesBuildPhase section */
		904A886825D477B400E741E6 /* Resources */ = {
			isa = PBXResourcesBuildPhase;
			buildActionMask = 2147483647;
			files = (
				904A887A25D477B600E741E6 /* LaunchScreen.storyboard in Resources */,
				90DE51D925D9AB3500A9CE69 /* SearchResults.json in Resources */,
				904A887725D477B600E741E6 /* Assets.xcassets in Resources */,
			);
			runOnlyForDeploymentPostprocessing = 0;
		};
		904A887E25D477B600E741E6 /* Resources */ = {
			isa = PBXResourcesBuildPhase;
			buildActionMask = 2147483647;
			files = (
				90DE51BC25D9A75F00A9CE69 /* SearchResults.json in Resources */,
			);
			runOnlyForDeploymentPostprocessing = 0;
		};
		904A888925D477B600E741E6 /* Resources */ = {
			isa = PBXResourcesBuildPhase;
			buildActionMask = 2147483647;
			files = (
			);
			runOnlyForDeploymentPostprocessing = 0;
		};
		904A894825D4BD9600E741E6 /* Resources */ = {
			isa = PBXResourcesBuildPhase;
			buildActionMask = 2147483647;
			files = (
			);
			runOnlyForDeploymentPostprocessing = 0;
		};
		904A895025D4BD9600E741E6 /* Resources */ = {
			isa = PBXResourcesBuildPhase;
			buildActionMask = 2147483647;
			files = (
			);
			runOnlyForDeploymentPostprocessing = 0;
		};
		90D5CCFD25D4C8EF009049E7 /* Resources */ = {
			isa = PBXResourcesBuildPhase;
			buildActionMask = 2147483647;
			files = (
			);
			runOnlyForDeploymentPostprocessing = 0;
		};
/* End PBXResourcesBuildPhase section */

/* Begin PBXSourcesBuildPhase section */
		904A886625D477B400E741E6 /* Sources */ = {
			isa = PBXSourcesBuildPhase;
			buildActionMask = 2147483647;
			files = (
				90D5CD9F25D54768009049E7 /* SearchInteractor.swift in Sources */,
				90D5CDC325D54B7D009049E7 /* DetailInteractor.swift in Sources */,
				904A891525D4B3AF00E741E6 /* DetailRepository.swift in Sources */,
				904A890E25D4B30500E741E6 /* ProductDetailService.swift in Sources */,
				90634FAD25D59453004F83A5 /* SearchView.swift in Sources */,
				90468CA925D5C8FF001F084F /* Double+Currency.swift in Sources */,
				90FE105225D5A33600BA4378 /* CollectionViewCell.swift in Sources */,
				90FE105925D5A4FE00BA4378 /* ProductCollectionViewCell.swift in Sources */,
				90D5CD9825D54724009049E7 /* Presenter.swift in Sources */,
				90D5CD9125D5470A009049E7 /* SearchPresenter.swift in Sources */,
				90D5CDBC25D54B46009049E7 /* DetailPresenter.swift in Sources */,
				904A892825D4B44500E741E6 /* ProductDetail.swift in Sources */,
				90D5CDAD25D547D5009049E7 /* Router.swift in Sources */,
				902AB6F725D731E000FF642B /* DetailViewModel.swift in Sources */,
				90D5CDB525D54B20009049E7 /* DetailViewController.swift in Sources */,
				904A892225D4B43600E741E6 /* ProductDetailResponse.swift in Sources */,
				90380CF625D6E9C6009A373F /* DetailView.swift in Sources */,
				90FE106025D5A57100BA4378 /* ProductViewModel.swift in Sources */,
				90D5CD6825D4CC16009049E7 /* ViewController.swift in Sources */,
				90D5CCDF25D4C616009049E7 /* SearchRemoteRepository.swift in Sources */,
				90D5CDCA25D54BA4009049E7 /* DetailRouter.swift in Sources */,
				904A892E25D4B4F600E741E6 /* DetailRemoteRepository.swift in Sources */,
				90D5CCD325D4C5A4009049E7 /* SearchResponse.swift in Sources */,
				90D5CD8525D546E9009049E7 /* SearchViewController.swift in Sources */,
				90380CFD25D6EAFB009A373F /* DetailCollectionViewCell.swift in Sources */,
				90D5CDA625D547C7009049E7 /* SearchRouter.swift in Sources */,
				904A88F225D4B15E00E741E6 /* SearchService.swift in Sources */,
				90DE51DF25D9AB6000A9CE69 /* JsonFromFile.swift in Sources */,
				90D5CCC925D4C57B009049E7 /* SearchRepository.swift in Sources */,
				904A886E25D477B400E741E6 /* AppDelegate.swift in Sources */,
				90D5CCD925D4C5BE009049E7 /* SearchResult.swift in Sources */,
				904A887025D477B400E741E6 /* SceneDelegate.swift in Sources */,
			);
			runOnlyForDeploymentPostprocessing = 0;
		};
		904A887C25D477B600E741E6 /* Sources */ = {
			isa = PBXSourcesBuildPhase;
			buildActionMask = 2147483647;
			files = (
				90DE51B525D9A6CC00A9CE69 /* SearchInteractorOutputSpy.swift in Sources */,
				90DE51A025D9A08600A9CE69 /* ProductViewModelTests.swift in Sources */,
				90DE51AE25D9A53F00A9CE69 /* SearchRepositoryMock.swift in Sources */,
				90DE51C425D9A7C700A9CE69 /* JsonFromFile.swift in Sources */,
				90DE51E625D9AFD600A9CE69 /* SearchPresenterTests.swift in Sources */,
				90DE51ED25D9BC9800A9CE69 /* SearchSnapshotTests.swift in Sources */,
				90DE519925D99B9300A9CE69 /* SearchRouterTests.swift in Sources */,
				90DE51A725D9A2B200A9CE69 /* SearchInteractorTests.swift in Sources */,
			);
			runOnlyForDeploymentPostprocessing = 0;
		};
		904A888725D477B600E741E6 /* Sources */ = {
			isa = PBXSourcesBuildPhase;
			buildActionMask = 2147483647;
			files = (
				904A889025D477B600E741E6 /* MLSearchUITests.swift in Sources */,
			);
			runOnlyForDeploymentPostprocessing = 0;
		};
		904A894625D4BD9600E741E6 /* Sources */ = {
			isa = PBXSourcesBuildPhase;
			buildActionMask = 2147483647;
			files = (
				904A898025D4BE1A00E741E6 /* ReachabilityManager.swift in Sources */,
				904A897F25D4BE1A00E741E6 /* NetworkManager.swift in Sources */,
				904A898325D4BE1A00E741E6 /* HTTPMethod.swift in Sources */,
				904A898125D4BE1A00E741E6 /* NetworkConstants.swift in Sources */,
				904A898225D4BE1A00E741E6 /* NetworkError.swift in Sources */,
				904A897E25D4BE1A00E741E6 /* JSONParameterEncoder.swift in Sources */,
				904A898425D4BE1A00E741E6 /* Reachability.swift in Sources */,
				904A897925D4BE1600E741E6 /* Service.swift in Sources */,
			);
			runOnlyForDeploymentPostprocessing = 0;
		};
		904A894E25D4BD9600E741E6 /* Sources */ = {
			isa = PBXSourcesBuildPhase;
			buildActionMask = 2147483647;
			files = (
				904A895A25D4BD9600E741E6 /* RequestNetworkTests.swift in Sources */,
			);
			runOnlyForDeploymentPostprocessing = 0;
		};
		90D5CCFB25D4C8EF009049E7 /* Sources */ = {
			isa = PBXSourcesBuildPhase;
			buildActionMask = 2147483647;
			files = (
				90D5CD4325D4CAB3009049E7 /* CollectionViewCell.swift in Sources */,
				90D5CD5F25D4CB3A009049E7 /* DownloadService.swift in Sources */,
				90D5CD4F25D4CB0D009049E7 /* UIImageView+SetUrl.swift in Sources */,
				90D5CD1B25D4C933009049E7 /* UIView+Constraints.swift in Sources */,
				90D5CD2325D4C95C009049E7 /* SearchBar.swift in Sources */,
				90D5CDDD25D55DED009049E7 /* LoadingView.swift in Sources */,
				90D5CD3025D4C984009049E7 /* StyleGuide.swift in Sources */,
				90D5CD3C25D4CA88009049E7 /* ViewConfigurator.swift in Sources */,
			);
			runOnlyForDeploymentPostprocessing = 0;
		};
/* End PBXSourcesBuildPhase section */

/* Begin PBXTargetDependency section */
		904A888225D477B600E741E6 /* PBXTargetDependency */ = {
			isa = PBXTargetDependency;
			target = 904A886925D477B400E741E6 /* MLSearch */;
			targetProxy = 904A888125D477B600E741E6 /* PBXContainerItemProxy */;
		};
		904A888D25D477B600E741E6 /* PBXTargetDependency */ = {
			isa = PBXTargetDependency;
			target = 904A886925D477B400E741E6 /* MLSearch */;
			targetProxy = 904A888C25D477B600E741E6 /* PBXContainerItemProxy */;
		};
		904A895525D4BD9600E741E6 /* PBXTargetDependency */ = {
			isa = PBXTargetDependency;
			target = 904A894925D4BD9600E741E6 /* RequestNetwork */;
			targetProxy = 904A895425D4BD9600E741E6 /* PBXContainerItemProxy */;
		};
		904A895725D4BD9600E741E6 /* PBXTargetDependency */ = {
			isa = PBXTargetDependency;
			target = 904A886925D477B400E741E6 /* MLSearch */;
			targetProxy = 904A895625D4BD9600E741E6 /* PBXContainerItemProxy */;
		};
		904A895E25D4BD9600E741E6 /* PBXTargetDependency */ = {
			isa = PBXTargetDependency;
			target = 904A894925D4BD9600E741E6 /* RequestNetwork */;
			targetProxy = 904A895D25D4BD9600E741E6 /* PBXContainerItemProxy */;
		};
		90D5CD0525D4C8EF009049E7 /* PBXTargetDependency */ = {
			isa = PBXTargetDependency;
			target = 90D5CCFE25D4C8EF009049E7 /* DesignSystem */;
			targetProxy = 90D5CD0425D4C8EF009049E7 /* PBXContainerItemProxy */;
		};
/* End PBXTargetDependency section */

/* Begin PBXVariantGroup section */
		904A887825D477B600E741E6 /* LaunchScreen.storyboard */ = {
			isa = PBXVariantGroup;
			children = (
				904A887925D477B600E741E6 /* Base */,
			);
			name = LaunchScreen.storyboard;
			sourceTree = "<group>";
		};
/* End PBXVariantGroup section */

/* Begin XCBuildConfiguration section */
		904A889225D477B600E741E6 /* Debug */ = {
			isa = XCBuildConfiguration;
			buildSettings = {
				ALWAYS_SEARCH_USER_PATHS = NO;
				BASE_URL = "https://api.mercadolibre.com";
				CLANG_ANALYZER_NONNULL = YES;
				CLANG_ANALYZER_NUMBER_OBJECT_CONVERSION = YES_AGGRESSIVE;
				CLANG_CXX_LANGUAGE_STANDARD = "gnu++14";
				CLANG_CXX_LIBRARY = "libc++";
				CLANG_ENABLE_MODULES = YES;
				CLANG_ENABLE_OBJC_ARC = YES;
				CLANG_ENABLE_OBJC_WEAK = YES;
				CLANG_WARN_BLOCK_CAPTURE_AUTORELEASING = YES;
				CLANG_WARN_BOOL_CONVERSION = YES;
				CLANG_WARN_COMMA = YES;
				CLANG_WARN_CONSTANT_CONVERSION = YES;
				CLANG_WARN_DEPRECATED_OBJC_IMPLEMENTATIONS = YES;
				CLANG_WARN_DIRECT_OBJC_ISA_USAGE = YES_ERROR;
				CLANG_WARN_DOCUMENTATION_COMMENTS = YES;
				CLANG_WARN_EMPTY_BODY = YES;
				CLANG_WARN_ENUM_CONVERSION = YES;
				CLANG_WARN_INFINITE_RECURSION = YES;
				CLANG_WARN_INT_CONVERSION = YES;
				CLANG_WARN_NON_LITERAL_NULL_CONVERSION = YES;
				CLANG_WARN_OBJC_IMPLICIT_RETAIN_SELF = YES;
				CLANG_WARN_OBJC_LITERAL_CONVERSION = YES;
				CLANG_WARN_OBJC_ROOT_CLASS = YES_ERROR;
				CLANG_WARN_QUOTED_INCLUDE_IN_FRAMEWORK_HEADER = YES;
				CLANG_WARN_RANGE_LOOP_ANALYSIS = YES;
				CLANG_WARN_STRICT_PROTOTYPES = YES;
				CLANG_WARN_SUSPICIOUS_MOVE = YES;
				CLANG_WARN_UNGUARDED_AVAILABILITY = YES_AGGRESSIVE;
				CLANG_WARN_UNREACHABLE_CODE = YES;
				CLANG_WARN__DUPLICATE_METHOD_MATCH = YES;
				COPY_PHASE_STRIP = NO;
				DEBUG_INFORMATION_FORMAT = dwarf;
				ENABLE_STRICT_OBJC_MSGSEND = YES;
				ENABLE_TESTABILITY = YES;
				GCC_C_LANGUAGE_STANDARD = gnu11;
				GCC_DYNAMIC_NO_PIC = NO;
				GCC_NO_COMMON_BLOCKS = YES;
				GCC_OPTIMIZATION_LEVEL = 0;
				GCC_PREPROCESSOR_DEFINITIONS = (
					"DEBUG=1",
					"$(inherited)",
				);
				GCC_WARN_64_TO_32_BIT_CONVERSION = YES;
				GCC_WARN_ABOUT_RETURN_TYPE = YES_ERROR;
				GCC_WARN_UNDECLARED_SELECTOR = YES;
				GCC_WARN_UNINITIALIZED_AUTOS = YES_AGGRESSIVE;
				GCC_WARN_UNUSED_FUNCTION = YES;
				GCC_WARN_UNUSED_VARIABLE = YES;
				IPHONEOS_DEPLOYMENT_TARGET = 14.4;
				MTL_ENABLE_DEBUG_INFO = INCLUDE_SOURCE;
				MTL_FAST_MATH = YES;
				ONLY_ACTIVE_ARCH = YES;
				SDKROOT = iphoneos;
				SWIFT_ACTIVE_COMPILATION_CONDITIONS = DEBUG;
				SWIFT_OPTIMIZATION_LEVEL = "-Onone";
			};
			name = Debug;
		};
		904A889325D477B600E741E6 /* Release */ = {
			isa = XCBuildConfiguration;
			buildSettings = {
				ALWAYS_SEARCH_USER_PATHS = NO;
				BASE_URL = "https://api.mercadolibre.com";
				CLANG_ANALYZER_NONNULL = YES;
				CLANG_ANALYZER_NUMBER_OBJECT_CONVERSION = YES_AGGRESSIVE;
				CLANG_CXX_LANGUAGE_STANDARD = "gnu++14";
				CLANG_CXX_LIBRARY = "libc++";
				CLANG_ENABLE_MODULES = YES;
				CLANG_ENABLE_OBJC_ARC = YES;
				CLANG_ENABLE_OBJC_WEAK = YES;
				CLANG_WARN_BLOCK_CAPTURE_AUTORELEASING = YES;
				CLANG_WARN_BOOL_CONVERSION = YES;
				CLANG_WARN_COMMA = YES;
				CLANG_WARN_CONSTANT_CONVERSION = YES;
				CLANG_WARN_DEPRECATED_OBJC_IMPLEMENTATIONS = YES;
				CLANG_WARN_DIRECT_OBJC_ISA_USAGE = YES_ERROR;
				CLANG_WARN_DOCUMENTATION_COMMENTS = YES;
				CLANG_WARN_EMPTY_BODY = YES;
				CLANG_WARN_ENUM_CONVERSION = YES;
				CLANG_WARN_INFINITE_RECURSION = YES;
				CLANG_WARN_INT_CONVERSION = YES;
				CLANG_WARN_NON_LITERAL_NULL_CONVERSION = YES;
				CLANG_WARN_OBJC_IMPLICIT_RETAIN_SELF = YES;
				CLANG_WARN_OBJC_LITERAL_CONVERSION = YES;
				CLANG_WARN_OBJC_ROOT_CLASS = YES_ERROR;
				CLANG_WARN_QUOTED_INCLUDE_IN_FRAMEWORK_HEADER = YES;
				CLANG_WARN_RANGE_LOOP_ANALYSIS = YES;
				CLANG_WARN_STRICT_PROTOTYPES = YES;
				CLANG_WARN_SUSPICIOUS_MOVE = YES;
				CLANG_WARN_UNGUARDED_AVAILABILITY = YES_AGGRESSIVE;
				CLANG_WARN_UNREACHABLE_CODE = YES;
				CLANG_WARN__DUPLICATE_METHOD_MATCH = YES;
				COPY_PHASE_STRIP = NO;
				DEBUG_INFORMATION_FORMAT = "dwarf-with-dsym";
				ENABLE_NS_ASSERTIONS = NO;
				ENABLE_STRICT_OBJC_MSGSEND = YES;
				GCC_C_LANGUAGE_STANDARD = gnu11;
				GCC_NO_COMMON_BLOCKS = YES;
				GCC_WARN_64_TO_32_BIT_CONVERSION = YES;
				GCC_WARN_ABOUT_RETURN_TYPE = YES_ERROR;
				GCC_WARN_UNDECLARED_SELECTOR = YES;
				GCC_WARN_UNINITIALIZED_AUTOS = YES_AGGRESSIVE;
				GCC_WARN_UNUSED_FUNCTION = YES;
				GCC_WARN_UNUSED_VARIABLE = YES;
				IPHONEOS_DEPLOYMENT_TARGET = 14.4;
				MTL_ENABLE_DEBUG_INFO = NO;
				MTL_FAST_MATH = YES;
				SDKROOT = iphoneos;
				SWIFT_COMPILATION_MODE = wholemodule;
				SWIFT_OPTIMIZATION_LEVEL = "-O";
				VALIDATE_PRODUCT = YES;
			};
			name = Release;
		};
		904A889525D477B600E741E6 /* Debug */ = {
			isa = XCBuildConfiguration;
			buildSettings = {
				ALWAYS_EMBED_SWIFT_STANDARD_LIBRARIES = YES;
				ASSETCATALOG_COMPILER_APPICON_NAME = AppIcon;
				ASSETCATALOG_COMPILER_GLOBAL_ACCENT_COLOR_NAME = AccentColor;
				CODE_SIGN_STYLE = Automatic;
				INFOPLIST_FILE = MLSearch/Info.plist;
				LD_RUNPATH_SEARCH_PATHS = (
					"$(inherited)",
					"@executable_path/Frameworks",
				);
				PRODUCT_BUNDLE_IDENTIFIER = vitor.MLSearch;
				PRODUCT_NAME = "$(TARGET_NAME)";
				SWIFT_VERSION = 5.0;
				TARGETED_DEVICE_FAMILY = "1,2";
			};
			name = Debug;
		};
		904A889625D477B600E741E6 /* Release */ = {
			isa = XCBuildConfiguration;
			buildSettings = {
				ALWAYS_EMBED_SWIFT_STANDARD_LIBRARIES = YES;
				ASSETCATALOG_COMPILER_APPICON_NAME = AppIcon;
				ASSETCATALOG_COMPILER_GLOBAL_ACCENT_COLOR_NAME = AccentColor;
				CODE_SIGN_STYLE = Automatic;
				INFOPLIST_FILE = MLSearch/Info.plist;
				LD_RUNPATH_SEARCH_PATHS = (
					"$(inherited)",
					"@executable_path/Frameworks",
				);
				PRODUCT_BUNDLE_IDENTIFIER = vitor.MLSearch;
				PRODUCT_NAME = "$(TARGET_NAME)";
				SWIFT_VERSION = 5.0;
				TARGETED_DEVICE_FAMILY = "1,2";
			};
			name = Release;
		};
		904A889825D477B600E741E6 /* Debug */ = {
			isa = XCBuildConfiguration;
			buildSettings = {
				ALWAYS_EMBED_SWIFT_STANDARD_LIBRARIES = YES;
				BUNDLE_LOADER = "$(TEST_HOST)";
				CODE_SIGN_STYLE = Automatic;
				INFOPLIST_FILE = MLSearchTests/Info.plist;
				IPHONEOS_DEPLOYMENT_TARGET = 14.4;
				LD_RUNPATH_SEARCH_PATHS = (
					"$(inherited)",
					"@executable_path/Frameworks",
					"@loader_path/Frameworks",
				);
				PRODUCT_BUNDLE_IDENTIFIER = vitor.MLSearchTests;
				PRODUCT_NAME = "$(TARGET_NAME)";
				SWIFT_VERSION = 5.0;
				TARGETED_DEVICE_FAMILY = "1,2";
				TEST_HOST = "$(BUILT_PRODUCTS_DIR)/MLSearch.app/MLSearch";
			};
			name = Debug;
		};
		904A889925D477B600E741E6 /* Release */ = {
			isa = XCBuildConfiguration;
			buildSettings = {
				ALWAYS_EMBED_SWIFT_STANDARD_LIBRARIES = YES;
				BUNDLE_LOADER = "$(TEST_HOST)";
				CODE_SIGN_STYLE = Automatic;
				INFOPLIST_FILE = MLSearchTests/Info.plist;
				IPHONEOS_DEPLOYMENT_TARGET = 14.4;
				LD_RUNPATH_SEARCH_PATHS = (
					"$(inherited)",
					"@executable_path/Frameworks",
					"@loader_path/Frameworks",
				);
				PRODUCT_BUNDLE_IDENTIFIER = vitor.MLSearchTests;
				PRODUCT_NAME = "$(TARGET_NAME)";
				SWIFT_VERSION = 5.0;
				TARGETED_DEVICE_FAMILY = "1,2";
				TEST_HOST = "$(BUILT_PRODUCTS_DIR)/MLSearch.app/MLSearch";
			};
			name = Release;
		};
		904A889B25D477B600E741E6 /* Debug */ = {
			isa = XCBuildConfiguration;
			buildSettings = {
				ALWAYS_EMBED_SWIFT_STANDARD_LIBRARIES = YES;
				CODE_SIGN_STYLE = Automatic;
				INFOPLIST_FILE = MLSearchUITests/Info.plist;
				LD_RUNPATH_SEARCH_PATHS = (
					"$(inherited)",
					"@executable_path/Frameworks",
					"@loader_path/Frameworks",
				);
				PRODUCT_BUNDLE_IDENTIFIER = vitor.MLSearchUITests;
				PRODUCT_NAME = "$(TARGET_NAME)";
				SWIFT_VERSION = 5.0;
				TARGETED_DEVICE_FAMILY = "1,2";
				TEST_TARGET_NAME = MLSearch;
			};
			name = Debug;
		};
		904A889C25D477B600E741E6 /* Release */ = {
			isa = XCBuildConfiguration;
			buildSettings = {
				ALWAYS_EMBED_SWIFT_STANDARD_LIBRARIES = YES;
				CODE_SIGN_STYLE = Automatic;
				INFOPLIST_FILE = MLSearchUITests/Info.plist;
				LD_RUNPATH_SEARCH_PATHS = (
					"$(inherited)",
					"@executable_path/Frameworks",
					"@loader_path/Frameworks",
				);
				PRODUCT_BUNDLE_IDENTIFIER = vitor.MLSearchUITests;
				PRODUCT_NAME = "$(TARGET_NAME)";
				SWIFT_VERSION = 5.0;
				TARGETED_DEVICE_FAMILY = "1,2";
				TEST_TARGET_NAME = MLSearch;
			};
			name = Release;
		};
		904A896225D4BD9600E741E6 /* Debug */ = {
			isa = XCBuildConfiguration;
			buildSettings = {
				CODE_SIGN_STYLE = Automatic;
				CURRENT_PROJECT_VERSION = 1;
				DEFINES_MODULE = YES;
				DYLIB_COMPATIBILITY_VERSION = 1;
				DYLIB_CURRENT_VERSION = 1;
				DYLIB_INSTALL_NAME_BASE = "@rpath";
				INFOPLIST_FILE = RequestNetwork/Info.plist;
				INSTALL_PATH = "$(LOCAL_LIBRARY_DIR)/Frameworks";
				LD_RUNPATH_SEARCH_PATHS = (
					"$(inherited)",
					"@executable_path/Frameworks",
					"@loader_path/Frameworks",
				);
				PRODUCT_BUNDLE_IDENTIFIER = vitor.RequestNetwork;
				PRODUCT_NAME = "$(TARGET_NAME:c99extidentifier)";
				SKIP_INSTALL = YES;
				SWIFT_VERSION = 5.0;
				TARGETED_DEVICE_FAMILY = "1,2";
				VERSIONING_SYSTEM = "apple-generic";
				VERSION_INFO_PREFIX = "";
			};
			name = Debug;
		};
		904A896325D4BD9600E741E6 /* Release */ = {
			isa = XCBuildConfiguration;
			buildSettings = {
				CODE_SIGN_STYLE = Automatic;
				CURRENT_PROJECT_VERSION = 1;
				DEFINES_MODULE = YES;
				DYLIB_COMPATIBILITY_VERSION = 1;
				DYLIB_CURRENT_VERSION = 1;
				DYLIB_INSTALL_NAME_BASE = "@rpath";
				INFOPLIST_FILE = RequestNetwork/Info.plist;
				INSTALL_PATH = "$(LOCAL_LIBRARY_DIR)/Frameworks";
				LD_RUNPATH_SEARCH_PATHS = (
					"$(inherited)",
					"@executable_path/Frameworks",
					"@loader_path/Frameworks",
				);
				PRODUCT_BUNDLE_IDENTIFIER = vitor.RequestNetwork;
				PRODUCT_NAME = "$(TARGET_NAME:c99extidentifier)";
				SKIP_INSTALL = YES;
				SWIFT_VERSION = 5.0;
				TARGETED_DEVICE_FAMILY = "1,2";
				VERSIONING_SYSTEM = "apple-generic";
				VERSION_INFO_PREFIX = "";
			};
			name = Release;
		};
		904A896525D4BD9600E741E6 /* Debug */ = {
			isa = XCBuildConfiguration;
			buildSettings = {
				ALWAYS_EMBED_SWIFT_STANDARD_LIBRARIES = YES;
				CODE_SIGN_STYLE = Automatic;
				INFOPLIST_FILE = RequestNetworkTests/Info.plist;
				LD_RUNPATH_SEARCH_PATHS = (
					"$(inherited)",
					"@executable_path/Frameworks",
					"@loader_path/Frameworks",
				);
				PRODUCT_BUNDLE_IDENTIFIER = vitor.RequestNetworkTests;
				PRODUCT_NAME = "$(TARGET_NAME)";
				SWIFT_VERSION = 5.0;
				TARGETED_DEVICE_FAMILY = "1,2";
				TEST_HOST = "$(BUILT_PRODUCTS_DIR)/MLSearch.app/MLSearch";
			};
			name = Debug;
		};
		904A896625D4BD9600E741E6 /* Release */ = {
			isa = XCBuildConfiguration;
			buildSettings = {
				ALWAYS_EMBED_SWIFT_STANDARD_LIBRARIES = YES;
				CODE_SIGN_STYLE = Automatic;
				INFOPLIST_FILE = RequestNetworkTests/Info.plist;
				LD_RUNPATH_SEARCH_PATHS = (
					"$(inherited)",
					"@executable_path/Frameworks",
					"@loader_path/Frameworks",
				);
				PRODUCT_BUNDLE_IDENTIFIER = vitor.RequestNetworkTests;
				PRODUCT_NAME = "$(TARGET_NAME)";
				SWIFT_VERSION = 5.0;
				TARGETED_DEVICE_FAMILY = "1,2";
				TEST_HOST = "$(BUILT_PRODUCTS_DIR)/MLSearch.app/MLSearch";
			};
			name = Release;
		};
		90D5CD0925D4C8EF009049E7 /* Debug */ = {
			isa = XCBuildConfiguration;
			buildSettings = {
				CLANG_ENABLE_MODULES = YES;
				CODE_SIGN_STYLE = Automatic;
				CURRENT_PROJECT_VERSION = 1;
				DEFINES_MODULE = YES;
				DYLIB_COMPATIBILITY_VERSION = 1;
				DYLIB_CURRENT_VERSION = 1;
				DYLIB_INSTALL_NAME_BASE = "@rpath";
				INFOPLIST_FILE = DesignSystem/Info.plist;
				INSTALL_PATH = "$(LOCAL_LIBRARY_DIR)/Frameworks";
				LD_RUNPATH_SEARCH_PATHS = (
					"$(inherited)",
					"@executable_path/Frameworks",
					"@loader_path/Frameworks",
				);
				PRODUCT_BUNDLE_IDENTIFIER = vitor.DesignSystem;
				PRODUCT_NAME = "$(TARGET_NAME:c99extidentifier)";
				SKIP_INSTALL = YES;
				SWIFT_OPTIMIZATION_LEVEL = "-Onone";
				SWIFT_VERSION = 5.0;
				TARGETED_DEVICE_FAMILY = "1,2";
				VERSIONING_SYSTEM = "apple-generic";
				VERSION_INFO_PREFIX = "";
			};
			name = Debug;
		};
		90D5CD0A25D4C8EF009049E7 /* Release */ = {
			isa = XCBuildConfiguration;
			buildSettings = {
				CLANG_ENABLE_MODULES = YES;
				CODE_SIGN_STYLE = Automatic;
				CURRENT_PROJECT_VERSION = 1;
				DEFINES_MODULE = YES;
				DYLIB_COMPATIBILITY_VERSION = 1;
				DYLIB_CURRENT_VERSION = 1;
				DYLIB_INSTALL_NAME_BASE = "@rpath";
				INFOPLIST_FILE = DesignSystem/Info.plist;
				INSTALL_PATH = "$(LOCAL_LIBRARY_DIR)/Frameworks";
				LD_RUNPATH_SEARCH_PATHS = (
					"$(inherited)",
					"@executable_path/Frameworks",
					"@loader_path/Frameworks",
				);
				PRODUCT_BUNDLE_IDENTIFIER = vitor.DesignSystem;
				PRODUCT_NAME = "$(TARGET_NAME:c99extidentifier)";
				SKIP_INSTALL = YES;
				SWIFT_VERSION = 5.0;
				TARGETED_DEVICE_FAMILY = "1,2";
				VERSIONING_SYSTEM = "apple-generic";
				VERSION_INFO_PREFIX = "";
			};
			name = Release;
		};
/* End XCBuildConfiguration section */

/* Begin XCConfigurationList section */
		904A886525D477B400E741E6 /* Build configuration list for PBXProject "MLSearch" */ = {
			isa = XCConfigurationList;
			buildConfigurations = (
				904A889225D477B600E741E6 /* Debug */,
				904A889325D477B600E741E6 /* Release */,
			);
			defaultConfigurationIsVisible = 0;
			defaultConfigurationName = Release;
		};
		904A889425D477B600E741E6 /* Build configuration list for PBXNativeTarget "MLSearch" */ = {
			isa = XCConfigurationList;
			buildConfigurations = (
				904A889525D477B600E741E6 /* Debug */,
				904A889625D477B600E741E6 /* Release */,
			);
			defaultConfigurationIsVisible = 0;
			defaultConfigurationName = Release;
		};
		904A889725D477B600E741E6 /* Build configuration list for PBXNativeTarget "MLSearchTests" */ = {
			isa = XCConfigurationList;
			buildConfigurations = (
				904A889825D477B600E741E6 /* Debug */,
				904A889925D477B600E741E6 /* Release */,
			);
			defaultConfigurationIsVisible = 0;
			defaultConfigurationName = Release;
		};
		904A889A25D477B600E741E6 /* Build configuration list for PBXNativeTarget "MLSearchUITests" */ = {
			isa = XCConfigurationList;
			buildConfigurations = (
				904A889B25D477B600E741E6 /* Debug */,
				904A889C25D477B600E741E6 /* Release */,
			);
			defaultConfigurationIsVisible = 0;
			defaultConfigurationName = Release;
		};
		904A896125D4BD9600E741E6 /* Build configuration list for PBXNativeTarget "RequestNetwork" */ = {
			isa = XCConfigurationList;
			buildConfigurations = (
				904A896225D4BD9600E741E6 /* Debug */,
				904A896325D4BD9600E741E6 /* Release */,
			);
			defaultConfigurationIsVisible = 0;
			defaultConfigurationName = Release;
		};
		904A896425D4BD9600E741E6 /* Build configuration list for PBXNativeTarget "RequestNetworkTests" */ = {
			isa = XCConfigurationList;
			buildConfigurations = (
				904A896525D4BD9600E741E6 /* Debug */,
				904A896625D4BD9600E741E6 /* Release */,
			);
			defaultConfigurationIsVisible = 0;
			defaultConfigurationName = Release;
		};
		90D5CD0825D4C8EF009049E7 /* Build configuration list for PBXNativeTarget "DesignSystem" */ = {
			isa = XCConfigurationList;
			buildConfigurations = (
				90D5CD0925D4C8EF009049E7 /* Debug */,
				90D5CD0A25D4C8EF009049E7 /* Release */,
			);
			defaultConfigurationIsVisible = 0;
			defaultConfigurationName = Release;
		};
/* End XCConfigurationList section */

/* Begin XCRemoteSwiftPackageReference section */
		90DE518825D99AD500A9CE69 /* XCRemoteSwiftPackageReference "Nimble" */ = {
			isa = XCRemoteSwiftPackageReference;
			repositoryURL = "https://github.com/Quick/Nimble.git";
			requirement = {
				kind = upToNextMajorVersion;
				minimumVersion = 9.0.0;
			};
		};
		90DE519025D99B3900A9CE69 /* XCRemoteSwiftPackageReference "Quick" */ = {
			isa = XCRemoteSwiftPackageReference;
			repositoryURL = "https://github.com/Quick/Quick.git";
			requirement = {
				kind = upToNextMajorVersion;
				minimumVersion = 3.1.2;
			};
		};
		90DE51F325D9BDBA00A9CE69 /* XCRemoteSwiftPackageReference "swift-snapshot-testing" */ = {
			isa = XCRemoteSwiftPackageReference;
			repositoryURL = "https://github.com/pointfreeco/swift-snapshot-testing.git";
			requirement = {
				kind = upToNextMajorVersion;
				minimumVersion = 1.8.2;
			};
		};
/* End XCRemoteSwiftPackageReference section */

/* Begin XCSwiftPackageProductDependency section */
		90DE518925D99AD500A9CE69 /* Nimble */ = {
			isa = XCSwiftPackageProductDependency;
			package = 90DE518825D99AD500A9CE69 /* XCRemoteSwiftPackageReference "Nimble" */;
			productName = Nimble;
		};
		90DE519125D99B3900A9CE69 /* Quick */ = {
			isa = XCSwiftPackageProductDependency;
			package = 90DE519025D99B3900A9CE69 /* XCRemoteSwiftPackageReference "Quick" */;
			productName = Quick;
		};
		90DE51F425D9BDBA00A9CE69 /* SnapshotTesting */ = {
			isa = XCSwiftPackageProductDependency;
			package = 90DE51F325D9BDBA00A9CE69 /* XCRemoteSwiftPackageReference "swift-snapshot-testing" */;
			productName = SnapshotTesting;
		};
/* End XCSwiftPackageProductDependency section */
	};
	rootObject = 904A886225D477B400E741E6 /* Project object */;
}
